
Microsoft Visual Studio Solution File, Format Version 12.00
# Visual Studio 15
Project("{FAE04EC0-301F-11D3-BF4B-00C04F79EFBC}") = "Assembly-CSharp", "Assembly-CSharp.csproj", "{2E2FE9F8-4578-2B58-27EB-D6F2EFEBA10C}"
EndProject
Project("{FAE04EC0-301F-11D3-BF4B-00C04F79EFBC}") = "Assembly-CSharp-Editor", "Assembly-CSharp-Editor.csproj", "{3710B001-30DF-2975-09B5-E9DB0CCD6DD1}"
EndProject
Global
	GlobalSection(SolutionConfigurationPlatforms) = preSolution
		Debug|Any CPU = Debug|Any CPU
		Release|Any CPU = Release|Any CPU
	EndGlobalSection
	GlobalSection(ProjectConfigurationPlatforms) = postSolution
		{2E2FE9F8-4578-2B58-27EB-D6F2EFEBA10C}.Debug|Any CPU.ActiveCfg = Debug|Any CPU
		{2E2FE9F8-4578-2B58-27EB-D6F2EFEBA10C}.Debug|Any CPU.Build.0 = Debug|Any CPU
		{2E2FE9F8-4578-2B58-27EB-D6F2EFEBA10C}.Release|Any CPU.ActiveCfg = Release|Any CPU
		{2E2FE9F8-4578-2B58-27EB-D6F2EFEBA10C}.Release|Any CPU.Build.0 = Release|Any CPU
		{3710B001-30DF-2975-09B5-E9DB0CCD6DD1}.Debug|Any CPU.ActiveCfg = Debug|Any CPU
		{3710B001-30DF-2975-09B5-E9DB0CCD6DD1}.Debug|Any CPU.Build.0 = Debug|Any CPU
		{3710B001-30DF-2975-09B5-E9DB0CCD6DD1}.Release|Any CPU.ActiveCfg = Release|Any CPU
		{3710B001-30DF-2975-09B5-E9DB0CCD6DD1}.Release|Any CPU.Build.0 = Release|Any CPU
	EndGlobalSection
	GlobalSection(SolutionProperties) = preSolution
		HideSolutionNode = FALSE
	EndGlobalSection
EndGlobal
